
Microsoft Visual Studio Solution File, Format Version 12.00
# Visual Studio Version 16
VisualStudioVersion = 16.0.29806.167
MinimumVisualStudioVersion = 10.0.40219.1
Project("{FAE04EC0-301F-11D3-BF4B-00C04F79EFBC}") = "ApiTest", "ApiTest\ApiTest.csproj", "{857B31CD-7AF2-4F1E-B962-C1CE2F9BF2A2}"
EndProject
Project("{FAE04EC0-301F-11D3-BF4B-00C04F79EFBC}") = "Core", "Core\Core.csproj", "{A7E70464-1D75-4BBE-8086-8CF379AD8DE4}"
EndProject
Project("{FAE04EC0-301F-11D3-BF4B-00C04F79EFBC}") = "Data", "Data\Data.csproj", "{E7F88735-116B-46C3-923F-FE8CC94921E6}"
EndProject
Project("{FAE04EC0-301F-11D3-BF4B-00C04F79EFBC}") = "Services", "Services\Services.csproj", "{6CEE42D3-0D26-4A50-95DF-A83E684D78A4}"
EndProject
Global
	GlobalSection(SolutionConfigurationPlatforms) = preSolution
		Debug|Any CPU = Debug|Any CPU
		Release|Any CPU = Release|Any CPU
	EndGlobalSection
	GlobalSection(ProjectConfigurationPlatforms) = postSolution
		{857B31CD-7AF2-4F1E-B962-C1CE2F9BF2A2}.Debug|Any CPU.ActiveCfg = Debug|Any CPU
		{857B31CD-7AF2-4F1E-B962-C1CE2F9BF2A2}.Debug|Any CPU.Build.0 = Debug|Any CPU
		{857B31CD-7AF2-4F1E-B962-C1CE2F9BF2A2}.Release|Any CPU.ActiveCfg = Release|Any CPU
		{857B31CD-7AF2-4F1E-B962-C1CE2F9BF2A2}.Release|Any CPU.Build.0 = Release|Any CPU
		{A7E70464-1D75-4BBE-8086-8CF379AD8DE4}.Debug|Any CPU.ActiveCfg = Debug|Any CPU
		{A7E70464-1D75-4BBE-8086-8CF379AD8DE4}.Debug|Any CPU.Build.0 = Debug|Any CPU
		{A7E70464-1D75-4BBE-8086-8CF379AD8DE4}.Release|Any CPU.ActiveCfg = Release|Any CPU
		{A7E70464-1D75-4BBE-8086-8CF379AD8DE4}.Release|Any CPU.Build.0 = Release|Any CPU
		{E7F88735-116B-46C3-923F-FE8CC94921E6}.Debug|Any CPU.ActiveCfg = Debug|Any CPU
		{E7F88735-116B-46C3-923F-FE8CC94921E6}.Debug|Any CPU.Build.0 = Debug|Any CPU
		{E7F88735-116B-46C3-923F-FE8CC94921E6}.Release|Any CPU.ActiveCfg = Release|Any CPU
		{E7F88735-116B-46C3-923F-FE8CC94921E6}.Release|Any CPU.Build.0 = Release|Any CPU
		{6CEE42D3-0D26-4A50-95DF-A83E684D78A4}.Debug|Any CPU.ActiveCfg = Debug|Any CPU
		{6CEE42D3-0D26-4A50-95DF-A83E684D78A4}.Debug|Any CPU.Build.0 = Debug|Any CPU
		{6CEE42D3-0D26-4A50-95DF-A83E684D78A4}.Release|Any CPU.ActiveCfg = Release|Any CPU
		{6CEE42D3-0D26-4A50-95DF-A83E684D78A4}.Release|Any CPU.Build.0 = Release|Any CPU
	EndGlobalSection
	GlobalSection(SolutionProperties) = preSolution
		HideSolutionNode = FALSE
	EndGlobalSection
	GlobalSection(ExtensibilityGlobals) = postSolution
		SolutionGuid = {221DB08B-8492-411A-9918-29A490C61DFF}
	EndGlobalSection
EndGlobal
